{
  "requires": true,
  "lockfileVersion": 1,
  "dependencies": {
    "node": {
      "version": "12.11.1",
      "resolved": "https://registry.npmjs.org/node/-/node-12.11.1.tgz",
      "integrity": "sha512-PQCuNM+RyftX4VNJ91hnVG7BasRoQ0vyx9/NYDpkBhdXK8SY6I8c7uStXOJjWHVbSBEm/P4g9OULPZt2AiXvfg==",
      "requires": {
        "node-bin-setup": "^1.0.0"
      }
    },
    "node-bin-setup": {
      "version": "1.0.6",
      "resolved": "https://registry.npmjs.org/node-bin-setup/-/node-bin-setup-1.0.6.tgz",
      "integrity": "sha512-uPIxXNis1CRbv1DwqAxkgBk5NFV3s7cMN/Gf556jSw6jBvV7ca4F9lRL/8cALcZecRibeqU+5dFYqFFmzv5a0Q=="
    }
  }
}
